
Microsoft Visual Studio Solution File, Format Version 12.00
# Visual Studio 15
VisualStudioVersion = 15.0.28307.271
MinimumVisualStudioVersion = 10.0.40219.1
Project("{2150E333-8FDC-42A3-9474-1A3956D46DE8}") = "Domain", "Domain", "{1CBD25B0-8B04-4EB9-8FDD-51037465C93C}"
EndProject
Project("{2150E333-8FDC-42A3-9474-1A3956D46DE8}") = "UI", "UI", "{460129FE-C77E-42F4-A8D8-3B545C225F6C}"
EndProject
Project("{FAE04EC0-301F-11D3-BF4B-00C04F79EFBC}") = "GerenciadorDeLog.Domain", "app\GerenciadorDeLog.Domain\GerenciadorDeLog.Domain.csproj", "{A0588200-D55D-41F3-A0A3-E062B4710F54}"
EndProject
Project("{FAE04EC0-301F-11D3-BF4B-00C04F79EFBC}") = "GerenciadorDeLog.UI.WindowsForms", "app\GerenciadorDeLog.UI.WindowsForms\GerenciadorDeLog.UI.WindowsForms.csproj", "{6E61022E-CF58-4B60-8FC9-F45BF2EDE462}"
EndProject
Global
	GlobalSection(SolutionConfigurationPlatforms) = preSolution
		Debug|Any CPU = Debug|Any CPU
		Release|Any CPU = Release|Any CPU
	EndGlobalSection
	GlobalSection(ProjectConfigurationPlatforms) = postSolution
		{A0588200-D55D-41F3-A0A3-E062B4710F54}.Debug|Any CPU.ActiveCfg = Debug|Any CPU
		{A0588200-D55D-41F3-A0A3-E062B4710F54}.Debug|Any CPU.Build.0 = Debug|Any CPU
		{A0588200-D55D-41F3-A0A3-E062B4710F54}.Release|Any CPU.ActiveCfg = Release|Any CPU
		{A0588200-D55D-41F3-A0A3-E062B4710F54}.Release|Any CPU.Build.0 = Release|Any CPU
		{6E61022E-CF58-4B60-8FC9-F45BF2EDE462}.Debug|Any CPU.ActiveCfg = Debug|Any CPU
		{6E61022E-CF58-4B60-8FC9-F45BF2EDE462}.Debug|Any CPU.Build.0 = Debug|Any CPU
		{6E61022E-CF58-4B60-8FC9-F45BF2EDE462}.Release|Any CPU.ActiveCfg = Release|Any CPU
		{6E61022E-CF58-4B60-8FC9-F45BF2EDE462}.Release|Any CPU.Build.0 = Release|Any CPU
	EndGlobalSection
	GlobalSection(SolutionProperties) = preSolution
		HideSolutionNode = FALSE
	EndGlobalSection
	GlobalSection(NestedProjects) = preSolution
		{A0588200-D55D-41F3-A0A3-E062B4710F54} = {1CBD25B0-8B04-4EB9-8FDD-51037465C93C}
		{6E61022E-CF58-4B60-8FC9-F45BF2EDE462} = {460129FE-C77E-42F4-A8D8-3B545C225F6C}
	EndGlobalSection
	GlobalSection(ExtensibilityGlobals) = postSolution
		SolutionGuid = {C701B315-A577-4580-B561-D0D9F4B7AADE}
	EndGlobalSection
EndGlobal
